
Microsoft Visual Studio Solution File, Format Version 12.00
# Visual Studio Version 17
VisualStudioVersion = 17.8.34309.116
MinimumVisualStudioVersion = 10.0.40219.1
Project("{8BC9CEB8-8B4A-11D0-8D11-00A0C91BC942}") = "RenderLamp", "RenderLamp\RenderLamp.vcxproj", "{36D71C64-E285-4BF4-9E51-190062DD85C4}"
EndProject
Global
	GlobalSection(SolutionConfigurationPlatforms) = preSolution
		Debug|x64 = Debug|x64
		Debug|x86 = Debug|x86
		Release|x64 = Release|x64
		Release|x86 = Release|x86
	EndGlobalSection
	GlobalSection(ProjectConfigurationPlatforms) = postSolution
		{36D71C64-E285-4BF4-9E51-190062DD85C4}.Debug|x64.ActiveCfg = Debug|x64
		{36D71C64-E285-4BF4-9E51-190062DD85C4}.Debug|x64.Build.0 = Debug|x64
		{36D71C64-E285-4BF4-9E51-190062DD85C4}.Debug|x86.ActiveCfg = Debug|Win32
		{36D71C64-E285-4BF4-9E51-190062DD85C4}.Debug|x86.Build.0 = Debug|Win32
		{36D71C64-E285-4BF4-9E51-190062DD85C4}.Release|x64.ActiveCfg = Release|x64
		{36D71C64-E285-4BF4-9E51-190062DD85C4}.Release|x64.Build.0 = Release|x64
		{36D71C64-E285-4BF4-9E51-190062DD85C4}.Release|x86.ActiveCfg = Release|Win32
		{36D71C64-E285-4BF4-9E51-190062DD85C4}.Release|x86.Build.0 = Release|Win32
	EndGlobalSection
	GlobalSection(SolutionProperties) = preSolution
		HideSolutionNode = FALSE
	EndGlobalSection
	GlobalSection(ExtensibilityGlobals) = postSolution
		SolutionGuid = {C26D4220-2E8C-4BB4-8A58-4DEB4EDE1390}
	EndGlobalSection
EndGlobal
